PODS:
  - Capacitor (7.4.1):
    - CapacitorCordova
  - CapacitorCamera (7.0.1):
    - Capacitor
  - CapacitorCordova (7.4.1)

DEPENDENCIES:
  - "Capacitor (from `../../node_modules/@capacitor/ios`)"
  - "CapacitorCamera (from `../../node_modules/@capacitor/camera`)"
  - "CapacitorCordova (from `../../node_modules/@capacitor/ios`)"

EXTERNAL SOURCES:
  Capacitor:
    :path: "../../node_modules/@capacitor/ios"
  CapacitorCamera:
    :path: "../../node_modules/@capacitor/camera"
  CapacitorCordova:
    :path: "../../node_modules/@capacitor/ios"

SPEC CHECKSUMS:
  Capacitor: 4738747ece274c45e4d9bec9ae394a6269169e64
  CapacitorCamera: eb8687d8687fed853598ec9460d94bcd5e16babe
  CapacitorCordova: 34618fa1b14b6b091fd60a7658f7654044ae8d8a

PODFILE CHECKSUM: c6be376320bfcb75186d02acf2face8f585c4ca5

COCOAPODS: 1.16.2
